
Microsoft Visual Studio Solution File, Format Version 12.00
# Visual Studio Version 16
VisualStudioVersion = 16.0.30611.23
MinimumVisualStudioVersion = 10.0.40219.1
Project("{8BC9CEB8-8B4A-11D0-8D11-00A0C91BC942}") = "Laba4.3", "Laba4.3\Laba4.3.vcxproj", "{FDC88B24-D695-4630-A06A-173DF20E1E6B}"
EndProject
Global
	GlobalSection(SolutionConfigurationPlatforms) = preSolution
		Debug|x64 = Debug|x64
		Debug|x86 = Debug|x86
		Release|x64 = Release|x64
		Release|x86 = Release|x86
	EndGlobalSection
	GlobalSection(ProjectConfigurationPlatforms) = postSolution
		{FDC88B24-D695-4630-A06A-173DF20E1E6B}.Debug|x64.ActiveCfg = Debug|x64
		{FDC88B24-D695-4630-A06A-173DF20E1E6B}.Debug|x64.Build.0 = Debug|x64
		{FDC88B24-D695-4630-A06A-173DF20E1E6B}.Debug|x86.ActiveCfg = Debug|Win32
		{FDC88B24-D695-4630-A06A-173DF20E1E6B}.Debug|x86.Build.0 = Debug|Win32
		{FDC88B24-D695-4630-A06A-173DF20E1E6B}.Release|x64.ActiveCfg = Release|x64
		{FDC88B24-D695-4630-A06A-173DF20E1E6B}.Release|x64.Build.0 = Release|x64
		{FDC88B24-D695-4630-A06A-173DF20E1E6B}.Release|x86.ActiveCfg = Release|Win32
		{FDC88B24-D695-4630-A06A-173DF20E1E6B}.Release|x86.Build.0 = Release|Win32
	EndGlobalSection
	GlobalSection(SolutionProperties) = preSolution
		HideSolutionNode = FALSE
	EndGlobalSection
	GlobalSection(ExtensibilityGlobals) = postSolution
		SolutionGuid = {922A1FEC-3B97-4471-878D-F91F9CD98F68}
	EndGlobalSection
EndGlobal
